
Microsoft Visual Studio Solution File, Format Version 12.00
Project("{FAE04EC0-301F-11D3-BF4B-00C04F79EFBC}") = "Anela.Heblo.API", "backend\src\Anela.Heblo.API\Anela.Heblo.API.csproj", "{C121FE72-651D-4668-A2F9-D8C302B5A09F}"
EndProject
Project("{2150E333-8FDC-42A3-9474-1A3956D46DE8}") = "backend", "backend", "{AF9F0ADE-F207-48FB-B82C-1F2DBC866114}"
EndProject
Project("{2150E333-8FDC-42A3-9474-1A3956D46DE8}") = "src", "src", "{87237941-D198-446F-919C-467E4968E85F}"
EndProject
Project("{2150E333-8FDC-42A3-9474-1A3956D46DE8}") = "test", "test", "{23FE24B3-CD9D-4576-A7C8-85D5B012F43D}"
	ProjectSection(SolutionItems) = preProject
		backend\test\Anela.Heblo.Tests\obj\Anela.Heblo.Tests.csproj.nuget.dgspec.json = backend\test\Anela.Heblo.Tests\obj\Anela.Heblo.Tests.csproj.nuget.dgspec.json
		backend\test\Anela.Heblo.Tests\obj\project.nuget.cache = backend\test\Anela.Heblo.Tests\obj\project.nuget.cache
		backend\test\Anela.Heblo.Tests\obj\Anela.Heblo.Tests.csproj.nuget.g.props = backend\test\Anela.Heblo.Tests\obj\Anela.Heblo.Tests.csproj.nuget.g.props
		backend\test\Anela.Heblo.Tests\obj\project.assets.json = backend\test\Anela.Heblo.Tests\obj\project.assets.json
		backend\test\Anela.Heblo.Tests\obj\Anela.Heblo.Tests.csproj.nuget.g.targets = backend\test\Anela.Heblo.Tests\obj\Anela.Heblo.Tests.csproj.nuget.g.targets
		backend\test\Anela.Heblo.Tests\UnitTest1.cs = backend\test\Anela.Heblo.Tests\UnitTest1.cs
		backend\test\Anela.Heblo.Tests\Anela.Heblo.Tests.csproj = backend\test\Anela.Heblo.Tests\Anela.Heblo.Tests.csproj
	EndProjectSection
EndProject
Project("{FAE04EC0-301F-11D3-BF4B-00C04F79EFBC}") = "Anela.Heblo.Tests", "backend\test\Anela.Heblo.Tests\Anela.Heblo.Tests.csproj", "{ED08A4A5-077F-41CC-AEDE-5099FB71A248}"
EndProject
Project("{FAE04EC0-301F-11D3-BF4B-00C04F79EFBC}") = "Anela.Heblo.Application", "backend\src\Anela.Heblo.Application\Anela.Heblo.Application.csproj", "{1770C46A-5193-4A98-BC9C-9D5244AA32F0}"
EndProject
Project("{FAE04EC0-301F-11D3-BF4B-00C04F79EFBC}") = "Anela.Heblo.API.Client", "backend\src\Anela.Heblo.API.Client\Anela.Heblo.API.Client.csproj", "{3D738B41-81F8-4743-8F64-98790902405F}"
EndProject
Project("{FAE04EC0-301F-11D3-BF4B-00C04F79EFBC}") = "Anela.Heblo.Persistence", "backend\src\Anela.Heblo.Persistence\Anela.Heblo.Persistence.csproj", "{1629E893-1D2B-486C-8552-6FB43EFA8A92}"
EndProject
Project("{2150E333-8FDC-42A3-9474-1A3956D46DE8}") = "Adapters", "Adapters", "{4B6F17C3-0A57-487A-BE8C-1808B40EC604}"
EndProject
Project("{FAE04EC0-301F-11D3-BF4B-00C04F79EFBC}") = "Anela.Heblo.Xcc", "backend\src\Anela.Heblo.Xcc\Anela.Heblo.Xcc.csproj", "{406D53EA-7254-4D72-90CF-8E7C6E39075C}"
EndProject
Project("{FAE04EC0-301F-11D3-BF4B-00C04F79EFBC}") = "Anela.Heblo.Adapters.Comgate", "backend\src\Adapters\Anela.Heblo.Adapters.Comgate\Anela.Heblo.Adapters.Comgate.csproj", "{4B4C3497-2CDD-45FF-B8D2-7500A949D503}"
EndProject
Project("{FAE04EC0-301F-11D3-BF4B-00C04F79EFBC}") = "Anela.Heblo.Adapters.Flexi", "backend\src\Adapters\Anela.Heblo.Adapters.Flexi\Anela.Heblo.Adapters.Flexi.csproj", "{979D66F0-6449-4DD2-BEA3-2005AB891F5E}"
EndProject
Project("{FAE04EC0-301F-11D3-BF4B-00C04F79EFBC}") = "Anela.Heblo.Adapters.Shoptet", "backend\src\Adapters\Anela.Heblo.Adapters.Shoptet\Anela.Heblo.Adapters.Shoptet.csproj", "{9271A35A-387E-481F-A97C-21531EBDB707}"
EndProject
Project("{FAE04EC0-301F-11D3-BF4B-00C04F79EFBC}") = "Anela.Heblo.Adapters.Shoptet.Tests", "backend\test\Anela.Heblo.Adapters.Shoptet.Tests\Anela.Heblo.Adapters.Shoptet.Tests.csproj", "{8C02537A-EEB3-475B-BFC2-946CFFAA0D1E}"
EndProject
Project("{FAE04EC0-301F-11D3-BF4B-00C04F79EFBC}") = "Anela.Heblo.Adapters.Flexi.Tests", "backend\test\Anela.Heblo.Adapters.Flexi.Tests\Anela.Heblo.Adapters.Flexi.Tests.csproj", "{15DB42BF-98E3-48D1-A6EA-DAF8C284A683}"
EndProject
Global
	GlobalSection(SolutionConfigurationPlatforms) = preSolution
		Debug|Any CPU = Debug|Any CPU
		Debug|x64 = Debug|x64
		Debug|x86 = Debug|x86
		Release|Any CPU = Release|Any CPU
		Release|x64 = Release|x64
		Release|x86 = Release|x86
	EndGlobalSection
	GlobalSection(ProjectConfigurationPlatforms) = postSolution
		{C121FE72-651D-4668-A2F9-D8C302B5A09F}.Debug|Any CPU.ActiveCfg = Debug|Any CPU
		{C121FE72-651D-4668-A2F9-D8C302B5A09F}.Debug|Any CPU.Build.0 = Debug|Any CPU
		{C121FE72-651D-4668-A2F9-D8C302B5A09F}.Debug|x64.ActiveCfg = Debug|Any CPU
		{C121FE72-651D-4668-A2F9-D8C302B5A09F}.Debug|x64.Build.0 = Debug|Any CPU
		{C121FE72-651D-4668-A2F9-D8C302B5A09F}.Debug|x86.ActiveCfg = Debug|Any CPU
		{C121FE72-651D-4668-A2F9-D8C302B5A09F}.Debug|x86.Build.0 = Debug|Any CPU
		{C121FE72-651D-4668-A2F9-D8C302B5A09F}.Release|Any CPU.ActiveCfg = Release|Any CPU
		{C121FE72-651D-4668-A2F9-D8C302B5A09F}.Release|Any CPU.Build.0 = Release|Any CPU
		{C121FE72-651D-4668-A2F9-D8C302B5A09F}.Release|x64.ActiveCfg = Release|Any CPU
		{C121FE72-651D-4668-A2F9-D8C302B5A09F}.Release|x64.Build.0 = Release|Any CPU
		{C121FE72-651D-4668-A2F9-D8C302B5A09F}.Release|x86.ActiveCfg = Release|Any CPU
		{C121FE72-651D-4668-A2F9-D8C302B5A09F}.Release|x86.Build.0 = Release|Any CPU
		{ED08A4A5-077F-41CC-AEDE-5099FB71A248}.Debug|Any CPU.ActiveCfg = Debug|Any CPU
		{ED08A4A5-077F-41CC-AEDE-5099FB71A248}.Debug|Any CPU.Build.0 = Debug|Any CPU
		{ED08A4A5-077F-41CC-AEDE-5099FB71A248}.Debug|x64.ActiveCfg = Debug|Any CPU
		{ED08A4A5-077F-41CC-AEDE-5099FB71A248}.Debug|x64.Build.0 = Debug|Any CPU
		{ED08A4A5-077F-41CC-AEDE-5099FB71A248}.Debug|x86.ActiveCfg = Debug|Any CPU
		{ED08A4A5-077F-41CC-AEDE-5099FB71A248}.Debug|x86.Build.0 = Debug|Any CPU
		{ED08A4A5-077F-41CC-AEDE-5099FB71A248}.Release|Any CPU.ActiveCfg = Release|Any CPU
		{ED08A4A5-077F-41CC-AEDE-5099FB71A248}.Release|Any CPU.Build.0 = Release|Any CPU
		{ED08A4A5-077F-41CC-AEDE-5099FB71A248}.Release|x64.ActiveCfg = Release|Any CPU
		{ED08A4A5-077F-41CC-AEDE-5099FB71A248}.Release|x64.Build.0 = Release|Any CPU
		{ED08A4A5-077F-41CC-AEDE-5099FB71A248}.Release|x86.ActiveCfg = Release|Any CPU
		{ED08A4A5-077F-41CC-AEDE-5099FB71A248}.Release|x86.Build.0 = Release|Any CPU
		{1770C46A-5193-4A98-BC9C-9D5244AA32F0}.Debug|Any CPU.ActiveCfg = Debug|Any CPU
		{1770C46A-5193-4A98-BC9C-9D5244AA32F0}.Debug|Any CPU.Build.0 = Debug|Any CPU
		{1770C46A-5193-4A98-BC9C-9D5244AA32F0}.Debug|x64.ActiveCfg = Debug|Any CPU
		{1770C46A-5193-4A98-BC9C-9D5244AA32F0}.Debug|x64.Build.0 = Debug|Any CPU
		{1770C46A-5193-4A98-BC9C-9D5244AA32F0}.Debug|x86.ActiveCfg = Debug|Any CPU
		{1770C46A-5193-4A98-BC9C-9D5244AA32F0}.Debug|x86.Build.0 = Debug|Any CPU
		{1770C46A-5193-4A98-BC9C-9D5244AA32F0}.Release|Any CPU.ActiveCfg = Release|Any CPU
		{1770C46A-5193-4A98-BC9C-9D5244AA32F0}.Release|Any CPU.Build.0 = Release|Any CPU
		{1770C46A-5193-4A98-BC9C-9D5244AA32F0}.Release|x64.ActiveCfg = Release|Any CPU
		{1770C46A-5193-4A98-BC9C-9D5244AA32F0}.Release|x64.Build.0 = Release|Any CPU
		{1770C46A-5193-4A98-BC9C-9D5244AA32F0}.Release|x86.ActiveCfg = Release|Any CPU
		{1770C46A-5193-4A98-BC9C-9D5244AA32F0}.Release|x86.Build.0 = Release|Any CPU
		{3D738B41-81F8-4743-8F64-98790902405F}.Debug|Any CPU.ActiveCfg = Debug|Any CPU
		{3D738B41-81F8-4743-8F64-98790902405F}.Debug|Any CPU.Build.0 = Debug|Any CPU
		{3D738B41-81F8-4743-8F64-98790902405F}.Debug|x64.ActiveCfg = Debug|Any CPU
		{3D738B41-81F8-4743-8F64-98790902405F}.Debug|x64.Build.0 = Debug|Any CPU
		{3D738B41-81F8-4743-8F64-98790902405F}.Debug|x86.ActiveCfg = Debug|Any CPU
		{3D738B41-81F8-4743-8F64-98790902405F}.Debug|x86.Build.0 = Debug|Any CPU
		{3D738B41-81F8-4743-8F64-98790902405F}.Release|Any CPU.ActiveCfg = Release|Any CPU
		{3D738B41-81F8-4743-8F64-98790902405F}.Release|Any CPU.Build.0 = Release|Any CPU
		{3D738B41-81F8-4743-8F64-98790902405F}.Release|x64.ActiveCfg = Release|Any CPU
		{3D738B41-81F8-4743-8F64-98790902405F}.Release|x64.Build.0 = Release|Any CPU
		{3D738B41-81F8-4743-8F64-98790902405F}.Release|x86.ActiveCfg = Release|Any CPU
		{3D738B41-81F8-4743-8F64-98790902405F}.Release|x86.Build.0 = Release|Any CPU
		{1629E893-1D2B-486C-8552-6FB43EFA8A92}.Debug|Any CPU.ActiveCfg = Debug|Any CPU
		{1629E893-1D2B-486C-8552-6FB43EFA8A92}.Debug|Any CPU.Build.0 = Debug|Any CPU
		{1629E893-1D2B-486C-8552-6FB43EFA8A92}.Debug|x64.ActiveCfg = Debug|Any CPU
		{1629E893-1D2B-486C-8552-6FB43EFA8A92}.Debug|x64.Build.0 = Debug|Any CPU
		{1629E893-1D2B-486C-8552-6FB43EFA8A92}.Debug|x86.ActiveCfg = Debug|Any CPU
		{1629E893-1D2B-486C-8552-6FB43EFA8A92}.Debug|x86.Build.0 = Debug|Any CPU
		{1629E893-1D2B-486C-8552-6FB43EFA8A92}.Release|Any CPU.ActiveCfg = Release|Any CPU
		{1629E893-1D2B-486C-8552-6FB43EFA8A92}.Release|Any CPU.Build.0 = Release|Any CPU
		{1629E893-1D2B-486C-8552-6FB43EFA8A92}.Release|x64.ActiveCfg = Release|Any CPU
		{1629E893-1D2B-486C-8552-6FB43EFA8A92}.Release|x64.Build.0 = Release|Any CPU
		{1629E893-1D2B-486C-8552-6FB43EFA8A92}.Release|x86.ActiveCfg = Release|Any CPU
		{1629E893-1D2B-486C-8552-6FB43EFA8A92}.Release|x86.Build.0 = Release|Any CPU
		{406D53EA-7254-4D72-90CF-8E7C6E39075C}.Debug|Any CPU.ActiveCfg = Debug|Any CPU
		{406D53EA-7254-4D72-90CF-8E7C6E39075C}.Debug|Any CPU.Build.0 = Debug|Any CPU
		{406D53EA-7254-4D72-90CF-8E7C6E39075C}.Debug|x64.ActiveCfg = Debug|Any CPU
		{406D53EA-7254-4D72-90CF-8E7C6E39075C}.Debug|x64.Build.0 = Debug|Any CPU
		{406D53EA-7254-4D72-90CF-8E7C6E39075C}.Debug|x86.ActiveCfg = Debug|Any CPU
		{406D53EA-7254-4D72-90CF-8E7C6E39075C}.Debug|x86.Build.0 = Debug|Any CPU
		{406D53EA-7254-4D72-90CF-8E7C6E39075C}.Release|Any CPU.ActiveCfg = Release|Any CPU
		{406D53EA-7254-4D72-90CF-8E7C6E39075C}.Release|Any CPU.Build.0 = Release|Any CPU
		{406D53EA-7254-4D72-90CF-8E7C6E39075C}.Release|x64.ActiveCfg = Release|Any CPU
		{406D53EA-7254-4D72-90CF-8E7C6E39075C}.Release|x64.Build.0 = Release|Any CPU
		{406D53EA-7254-4D72-90CF-8E7C6E39075C}.Release|x86.ActiveCfg = Release|Any CPU
		{406D53EA-7254-4D72-90CF-8E7C6E39075C}.Release|x86.Build.0 = Release|Any CPU
		{4B4C3497-2CDD-45FF-B8D2-7500A949D503}.Debug|Any CPU.ActiveCfg = Debug|Any CPU
		{4B4C3497-2CDD-45FF-B8D2-7500A949D503}.Debug|Any CPU.Build.0 = Debug|Any CPU
		{4B4C3497-2CDD-45FF-B8D2-7500A949D503}.Debug|x64.ActiveCfg = Debug|Any CPU
		{4B4C3497-2CDD-45FF-B8D2-7500A949D503}.Debug|x64.Build.0 = Debug|Any CPU
		{4B4C3497-2CDD-45FF-B8D2-7500A949D503}.Debug|x86.ActiveCfg = Debug|Any CPU
		{4B4C3497-2CDD-45FF-B8D2-7500A949D503}.Debug|x86.Build.0 = Debug|Any CPU
		{4B4C3497-2CDD-45FF-B8D2-7500A949D503}.Release|Any CPU.ActiveCfg = Release|Any CPU
		{4B4C3497-2CDD-45FF-B8D2-7500A949D503}.Release|Any CPU.Build.0 = Release|Any CPU
		{4B4C3497-2CDD-45FF-B8D2-7500A949D503}.Release|x64.ActiveCfg = Release|Any CPU
		{4B4C3497-2CDD-45FF-B8D2-7500A949D503}.Release|x64.Build.0 = Release|Any CPU
		{4B4C3497-2CDD-45FF-B8D2-7500A949D503}.Release|x86.ActiveCfg = Release|Any CPU
		{4B4C3497-2CDD-45FF-B8D2-7500A949D503}.Release|x86.Build.0 = Release|Any CPU
		{979D66F0-6449-4DD2-BEA3-2005AB891F5E}.Debug|Any CPU.ActiveCfg = Debug|Any CPU
		{979D66F0-6449-4DD2-BEA3-2005AB891F5E}.Debug|Any CPU.Build.0 = Debug|Any CPU
		{979D66F0-6449-4DD2-BEA3-2005AB891F5E}.Debug|x64.ActiveCfg = Debug|Any CPU
		{979D66F0-6449-4DD2-BEA3-2005AB891F5E}.Debug|x64.Build.0 = Debug|Any CPU
		{979D66F0-6449-4DD2-BEA3-2005AB891F5E}.Debug|x86.ActiveCfg = Debug|Any CPU
		{979D66F0-6449-4DD2-BEA3-2005AB891F5E}.Debug|x86.Build.0 = Debug|Any CPU
		{979D66F0-6449-4DD2-BEA3-2005AB891F5E}.Release|Any CPU.ActiveCfg = Release|Any CPU
		{979D66F0-6449-4DD2-BEA3-2005AB891F5E}.Release|Any CPU.Build.0 = Release|Any CPU
		{979D66F0-6449-4DD2-BEA3-2005AB891F5E}.Release|x64.ActiveCfg = Release|Any CPU
		{979D66F0-6449-4DD2-BEA3-2005AB891F5E}.Release|x64.Build.0 = Release|Any CPU
		{979D66F0-6449-4DD2-BEA3-2005AB891F5E}.Release|x86.ActiveCfg = Release|Any CPU
		{979D66F0-6449-4DD2-BEA3-2005AB891F5E}.Release|x86.Build.0 = Release|Any CPU
		{9271A35A-387E-481F-A97C-21531EBDB707}.Debug|Any CPU.ActiveCfg = Debug|Any CPU
		{9271A35A-387E-481F-A97C-21531EBDB707}.Debug|Any CPU.Build.0 = Debug|Any CPU
		{9271A35A-387E-481F-A97C-21531EBDB707}.Debug|x64.ActiveCfg = Debug|Any CPU
		{9271A35A-387E-481F-A97C-21531EBDB707}.Debug|x64.Build.0 = Debug|Any CPU
		{9271A35A-387E-481F-A97C-21531EBDB707}.Debug|x86.ActiveCfg = Debug|Any CPU
		{9271A35A-387E-481F-A97C-21531EBDB707}.Debug|x86.Build.0 = Debug|Any CPU
		{9271A35A-387E-481F-A97C-21531EBDB707}.Release|Any CPU.ActiveCfg = Release|Any CPU
		{9271A35A-387E-481F-A97C-21531EBDB707}.Release|Any CPU.Build.0 = Release|Any CPU
		{9271A35A-387E-481F-A97C-21531EBDB707}.Release|x64.ActiveCfg = Release|Any CPU
		{9271A35A-387E-481F-A97C-21531EBDB707}.Release|x64.Build.0 = Release|Any CPU
		{9271A35A-387E-481F-A97C-21531EBDB707}.Release|x86.ActiveCfg = Release|Any CPU
		{9271A35A-387E-481F-A97C-21531EBDB707}.Release|x86.Build.0 = Release|Any CPU
		{8C02537A-EEB3-475B-BFC2-946CFFAA0D1E}.Debug|Any CPU.ActiveCfg = Debug|Any CPU
		{8C02537A-EEB3-475B-BFC2-946CFFAA0D1E}.Debug|Any CPU.Build.0 = Debug|Any CPU
		{8C02537A-EEB3-475B-BFC2-946CFFAA0D1E}.Debug|x64.ActiveCfg = Debug|Any CPU
		{8C02537A-EEB3-475B-BFC2-946CFFAA0D1E}.Debug|x64.Build.0 = Debug|Any CPU
		{8C02537A-EEB3-475B-BFC2-946CFFAA0D1E}.Debug|x86.ActiveCfg = Debug|Any CPU
		{8C02537A-EEB3-475B-BFC2-946CFFAA0D1E}.Debug|x86.Build.0 = Debug|Any CPU
		{8C02537A-EEB3-475B-BFC2-946CFFAA0D1E}.Release|Any CPU.ActiveCfg = Release|Any CPU
		{8C02537A-EEB3-475B-BFC2-946CFFAA0D1E}.Release|Any CPU.Build.0 = Release|Any CPU
		{8C02537A-EEB3-475B-BFC2-946CFFAA0D1E}.Release|x64.ActiveCfg = Release|Any CPU
		{8C02537A-EEB3-475B-BFC2-946CFFAA0D1E}.Release|x64.Build.0 = Release|Any CPU
		{8C02537A-EEB3-475B-BFC2-946CFFAA0D1E}.Release|x86.ActiveCfg = Release|Any CPU
		{8C02537A-EEB3-475B-BFC2-946CFFAA0D1E}.Release|x86.Build.0 = Release|Any CPU
		{15DB42BF-98E3-48D1-A6EA-DAF8C284A683}.Debug|Any CPU.ActiveCfg = Debug|Any CPU
		{15DB42BF-98E3-48D1-A6EA-DAF8C284A683}.Debug|Any CPU.Build.0 = Debug|Any CPU
		{15DB42BF-98E3-48D1-A6EA-DAF8C284A683}.Debug|x64.ActiveCfg = Debug|Any CPU
		{15DB42BF-98E3-48D1-A6EA-DAF8C284A683}.Debug|x64.Build.0 = Debug|Any CPU
		{15DB42BF-98E3-48D1-A6EA-DAF8C284A683}.Debug|x86.ActiveCfg = Debug|Any CPU
		{15DB42BF-98E3-48D1-A6EA-DAF8C284A683}.Debug|x86.Build.0 = Debug|Any CPU
		{15DB42BF-98E3-48D1-A6EA-DAF8C284A683}.Release|Any CPU.ActiveCfg = Release|Any CPU
		{15DB42BF-98E3-48D1-A6EA-DAF8C284A683}.Release|Any CPU.Build.0 = Release|Any CPU
		{15DB42BF-98E3-48D1-A6EA-DAF8C284A683}.Release|x64.ActiveCfg = Release|Any CPU
		{15DB42BF-98E3-48D1-A6EA-DAF8C284A683}.Release|x64.Build.0 = Release|Any CPU
		{15DB42BF-98E3-48D1-A6EA-DAF8C284A683}.Release|x86.ActiveCfg = Release|Any CPU
		{15DB42BF-98E3-48D1-A6EA-DAF8C284A683}.Release|x86.Build.0 = Release|Any CPU
	EndGlobalSection
	GlobalSection(SolutionProperties) = preSolution
		HideSolutionNode = FALSE
	EndGlobalSection
	GlobalSection(NestedProjects) = preSolution
		{C121FE72-651D-4668-A2F9-D8C302B5A09F} = {87237941-D198-446F-919C-467E4968E85F}
		{87237941-D198-446F-919C-467E4968E85F} = {AF9F0ADE-F207-48FB-B82C-1F2DBC866114}
		{23FE24B3-CD9D-4576-A7C8-85D5B012F43D} = {AF9F0ADE-F207-48FB-B82C-1F2DBC866114}
		{ED08A4A5-077F-41CC-AEDE-5099FB71A248} = {23FE24B3-CD9D-4576-A7C8-85D5B012F43D}
		{1770C46A-5193-4A98-BC9C-9D5244AA32F0} = {87237941-D198-446F-919C-467E4968E85F}
		{3D738B41-81F8-4743-8F64-98790902405F} = {87237941-D198-446F-919C-467E4968E85F}
		{1629E893-1D2B-486C-8552-6FB43EFA8A92} = {87237941-D198-446F-919C-467E4968E85F}
		{4B6F17C3-0A57-487A-BE8C-1808B40EC604} = {87237941-D198-446F-919C-467E4968E85F}
		{406D53EA-7254-4D72-90CF-8E7C6E39075C} = {87237941-D198-446F-919C-467E4968E85F}
		{4B4C3497-2CDD-45FF-B8D2-7500A949D503} = {4B6F17C3-0A57-487A-BE8C-1808B40EC604}
		{979D66F0-6449-4DD2-BEA3-2005AB891F5E} = {4B6F17C3-0A57-487A-BE8C-1808B40EC604}
		{9271A35A-387E-481F-A97C-21531EBDB707} = {4B6F17C3-0A57-487A-BE8C-1808B40EC604}
		{8C02537A-EEB3-475B-BFC2-946CFFAA0D1E} = {23FE24B3-CD9D-4576-A7C8-85D5B012F43D}
		{15DB42BF-98E3-48D1-A6EA-DAF8C284A683} = {23FE24B3-CD9D-4576-A7C8-85D5B012F43D}
	EndGlobalSection
EndGlobal
